{
	"name": "新兴通用小程序",
	"version": "1.6",
	"lockfileVersion": 3,
	"requires": true,
	"packages": {
		"": {
			"name": "新兴通用小程序",
			"version": "1.6",
			"dependencies": {
				"dingtalk-jsapi": "^2.15.6",
				"uni-read-pages": "^1.0.5",
				"uni-simple-router": "^2.0.1"
			}
		},
		"node_modules/dingtalk-jsapi": {
			"version": "2.15.6",
			"resolved": "https://registry.npmmirror.com/dingtalk-jsapi/-/dingtalk-jsapi-2.15.6.tgz",
			"integrity": "sha512-804mFz2AFV/H9ysmo7dLqMjSGOQgREsgQIuep+Xg+yNQeQtnUOYntElEzlB798Sj/691e4mMKz9mtQ7v9qdjuA==",
			"dependencies": {
				"promise-polyfill": "^7.1.0"
			}
		},
		"node_modules/promise-polyfill": {
			"version": "7.1.2",
			"resolved": "https://registry.npmmirror.com/promise-polyfill/-/promise-polyfill-7.1.2.tgz",
			"integrity": "sha512-FuEc12/eKqqoRYIGBrUptCBRhobL19PS2U31vMNTfyck1FxPyMfgsXyW4Mav85y/ZN1hop3hOwRlUDok23oYfQ=="
		},
		"node_modules/uni-read-pages": {
			"version": "1.0.5",
			"resolved": "https://registry.npmjs.org/uni-read-pages/-/uni-read-pages-1.0.5.tgz",
			"integrity": "sha512-GkrrZ0LX0vn9R5k6RKEi0Ez3Q3e2vUpjXQ8Z6/K/d28KudI9ajqgt8WEjQFlG5EPm1K6uTArN8LlqmZTEixDUA==",
			"hasInstallScript": true
		},
		"node_modules/uni-simple-router": {
			"version": "2.0.7",
			"resolved": "https://registry.npmjs.org/uni-simple-router/-/uni-simple-router-2.0.7.tgz",
			"integrity": "sha512-8FKv5dw7Eoonm0gkO8udprrxzin0fNUI0+AvIphFkFRH5ZmP5ZWJ2pvnWzb2NiiqQSECTSU5VSB7HhvOSwD5eA=="
		}
	}
}
